# THIS IS AN AUTOGENERATED FILE. DO NOT EDIT THIS FILE DIRECTLY.
# yarn lockfile v1


"@jscad/modeling@^2.0.0-alpha.4":
  version "2.0.0-alpha.4"
  resolved "https://registry.yarnpkg.com/@jscad/modeling/-/modeling-2.0.0-alpha.4.tgz#be80156ebe949e6032440436679e922cd090e521"
  integrity sha512-FkIIPCnN1jLuNNobHYxbVa/p7DCnxuE3LIEZtCJLN30ELxBtkuhK2myX2Q0ZOZTvwPVa6IAUhRq0kffcybi+RA==
